// !$*UTF8*$!
{
	archiveVersion = 1;
	classes = {
	};
	objectVersion = 50;
	objects = {

/* Begin PBXBuildFile section */
		D116008124F6447F007664F7 /* GFButton.swift in Sources */ = {isa = PBXBuildFile; fileRef = D116008024F6447F007664F7 /* GFButton.swift */; };
		D116008324F647AB007664F7 /* GFTextField.swift in Sources */ = {isa = PBXBuildFile; fileRef = D116008224F647AB007664F7 /* GFTextField.swift */; };
		D116008524F65BE3007664F7 /* FollowerListVC.swift in Sources */ = {isa = PBXBuildFile; fileRef = D116008424F65BE3007664F7 /* FollowerListVC.swift */; };
		D116008724F68FAB007664F7 /* GFTitleLabel.swift in Sources */ = {isa = PBXBuildFile; fileRef = D116008624F68FAB007664F7 /* GFTitleLabel.swift */; };
		D116008924F69114007664F7 /* GFBodyLabel.swift in Sources */ = {isa = PBXBuildFile; fileRef = D116008824F69114007664F7 /* GFBodyLabel.swift */; };
		D116008B24F691ED007664F7 /* GFAlertVC.swift in Sources */ = {isa = PBXBuildFile; fileRef = D116008A24F691ED007664F7 /* GFAlertVC.swift */; };
		D116008D24F69AD4007664F7 /* UIViewController+Ext.swift in Sources */ = {isa = PBXBuildFile; fileRef = D116008C24F69AD4007664F7 /* UIViewController+Ext.swift */; };
		D18AE72F24F5782200BF64F3 /* AppDelegate.swift in Sources */ = {isa = PBXBuildFile; fileRef = D18AE72E24F5782200BF64F3 /* AppDelegate.swift */; };
		D18AE73124F5782200BF64F3 /* SceneDelegate.swift in Sources */ = {isa = PBXBuildFile; fileRef = D18AE73024F5782200BF64F3 /* SceneDelegate.swift */; };
		D18AE73824F5782700BF64F3 /* Assets.xcassets in Resources */ = {isa = PBXBuildFile; fileRef = D18AE73724F5782700BF64F3 /* Assets.xcassets */; };
		D18AE73B24F5782700BF64F3 /* LaunchScreen.storyboard in Resources */ = {isa = PBXBuildFile; fileRef = D18AE73924F5782700BF64F3 /* LaunchScreen.storyboard */; };
		D18AE74324F5811500BF64F3 /* SearchVC.swift in Sources */ = {isa = PBXBuildFile; fileRef = D18AE74224F5811500BF64F3 /* SearchVC.swift */; };
		D18AE74524F5814000BF64F3 /* FavoritesListVC.swift in Sources */ = {isa = PBXBuildFile; fileRef = D18AE74424F5814000BF64F3 /* FavoritesListVC.swift */; };
/* End PBXBuildFile section */

/* Begin PBXFileReference section */
		D116008024F6447F007664F7 /* GFButton.swift */ = {isa = PBXFileReference; lastKnownFileType = sourcecode.swift; path = GFButton.swift; sourceTree = "<group>"; };
		D116008224F647AB007664F7 /* GFTextField.swift */ = {isa = PBXFileReference; lastKnownFileType = sourcecode.swift; path = GFTextField.swift; sourceTree = "<group>"; };
		D116008424F65BE3007664F7 /* FollowerListVC.swift */ = {isa = PBXFileReference; lastKnownFileType = sourcecode.swift; path = FollowerListVC.swift; sourceTree = "<group>"; };
		D116008624F68FAB007664F7 /* GFTitleLabel.swift */ = {isa = PBXFileReference; lastKnownFileType = sourcecode.swift; path = GFTitleLabel.swift; sourceTree = "<group>"; };
		D116008824F69114007664F7 /* GFBodyLabel.swift */ = {isa = PBXFileReference; lastKnownFileType = sourcecode.swift; path = GFBodyLabel.swift; sourceTree = "<group>"; };
		D116008A24F691ED007664F7 /* GFAlertVC.swift */ = {isa = PBXFileReference; lastKnownFileType = sourcecode.swift; path = GFAlertVC.swift; sourceTree = "<group>"; };
		D116008C24F69AD4007664F7 /* UIViewController+Ext.swift */ = {isa = PBXFileReference; lastKnownFileType = sourcecode.swift; path = "UIViewController+Ext.swift"; sourceTree = "<group>"; };
		D18AE72B24F5782200BF64F3 /* GHFollowers.app */ = {isa = PBXFileReference; explicitFileType = wrapper.application; includeInIndex = 0; path = GHFollowers.app; sourceTree = BUILT_PRODUCTS_DIR; };
		D18AE72E24F5782200BF64F3 /* AppDelegate.swift */ = {isa = PBXFileReference; lastKnownFileType = sourcecode.swift; path = AppDelegate.swift; sourceTree = "<group>"; };
		D18AE73024F5782200BF64F3 /* SceneDelegate.swift */ = {isa = PBXFileReference; lastKnownFileType = sourcecode.swift; path = SceneDelegate.swift; sourceTree = "<group>"; };
		D18AE73724F5782700BF64F3 /* Assets.xcassets */ = {isa = PBXFileReference; lastKnownFileType = folder.assetcatalog; path = Assets.xcassets; sourceTree = "<group>"; };
		D18AE73A24F5782700BF64F3 /* Base */ = {isa = PBXFileReference; lastKnownFileType = file.storyboard; name = Base; path = Base.lproj/LaunchScreen.storyboard; sourceTree = "<group>"; };
		D18AE73C24F5782700BF64F3 /* Info.plist */ = {isa = PBXFileReference; lastKnownFileType = text.plist.xml; path = Info.plist; sourceTree = "<group>"; };
		D18AE74224F5811500BF64F3 /* SearchVC.swift */ = {isa = PBXFileReference; lastKnownFileType = sourcecode.swift; path = SearchVC.swift; sourceTree = "<group>"; };
		D18AE74424F5814000BF64F3 /* FavoritesListVC.swift */ = {isa = PBXFileReference; lastKnownFileType = sourcecode.swift; path = FavoritesListVC.swift; sourceTree = "<group>"; };
/* End PBXFileReference section */

/* Begin PBXFrameworksBuildPhase section */
		D18AE72824F5782200BF64F3 /* Frameworks */ = {
			isa = PBXFrameworksBuildPhase;
			buildActionMask = 2147483647;
			files = (
			);
			runOnlyForDeploymentPostprocessing = 0;
		};
/* End PBXFrameworksBuildPhase section */

/* Begin PBXGroup section */
		D116008E24F6A2AE007664F7 /* Screens */ = {
			isa = PBXGroup;
			children = (
				D116008A24F691ED007664F7 /* GFAlertVC.swift */,
				D18AE74224F5811500BF64F3 /* SearchVC.swift */,
				D18AE74424F5814000BF64F3 /* FavoritesListVC.swift */,
				D116008424F65BE3007664F7 /* FollowerListVC.swift */,
			);
			path = Screens;
			sourceTree = "<group>";
		};
		D116008F24F6A2EE007664F7 /* CustomViews */ = {
			isa = PBXGroup;
			children = (
				D116008024F6447F007664F7 /* GFButton.swift */,
				D116008224F647AB007664F7 /* GFTextField.swift */,
				D116008624F68FAB007664F7 /* GFTitleLabel.swift */,
				D116008824F69114007664F7 /* GFBodyLabel.swift */,
			);
			path = CustomViews;
			sourceTree = "<group>";
		};
		D116009024F6A337007664F7 /* Extensions */ = {
			isa = PBXGroup;
			children = (
				D116008C24F69AD4007664F7 /* UIViewController+Ext.swift */,
			);
			path = Extensions;
			sourceTree = "<group>";
		};
		D116009124F6A396007664F7 /* Support */ = {
			isa = PBXGroup;
			children = (
				D18AE72E24F5782200BF64F3 /* AppDelegate.swift */,
				D18AE73024F5782200BF64F3 /* SceneDelegate.swift */,
				D18AE73724F5782700BF64F3 /* Assets.xcassets */,
				D18AE73924F5782700BF64F3 /* LaunchScreen.storyboard */,
				D18AE73C24F5782700BF64F3 /* Info.plist */,
			);
			path = Support;
			sourceTree = "<group>";
		};
		D18AE72224F5782200BF64F3 = {
			isa = PBXGroup;
			children = (
				D18AE72D24F5782200BF64F3 /* GHFollowers */,
				D18AE72C24F5782200BF64F3 /* Products */,
			);
			sourceTree = "<group>";
		};
		D18AE72C24F5782200BF64F3 /* Products */ = {
			isa = PBXGroup;
			children = (
				D18AE72B24F5782200BF64F3 /* GHFollowers.app */,
			);
			name = Products;
			sourceTree = "<group>";
		};
		D18AE72D24F5782200BF64F3 /* GHFollowers */ = {
			isa = PBXGroup;
			children = (
				D116009124F6A396007664F7 /* Support */,
				D116008F24F6A2EE007664F7 /* CustomViews */,
				D116008E24F6A2AE007664F7 /* Screens */,
				D116009024F6A337007664F7 /* Extensions */,
			);
			path = GHFollowers;
			sourceTree = "<group>";
		};
/* End PBXGroup section */

/* Begin PBXNativeTarget section */
		D18AE72A24F5782200BF64F3 /* GHFollowers */ = {
			isa = PBXNativeTarget;
			buildConfigurationList = D18AE73F24F5782700BF64F3 /* Build configuration list for PBXNativeTarget "GHFollowers" */;
			buildPhases = (
				D18AE72724F5782200BF64F3 /* Sources */,
				D18AE72824F5782200BF64F3 /* Frameworks */,
				D18AE72924F5782200BF64F3 /* Resources */,
			);
			buildRules = (
			);
			dependencies = (
			);
			name = GHFollowers;
			productName = GHFolollowers;
			productReference = D18AE72B24F5782200BF64F3 /* GHFollowers.app */;
			productType = "com.apple.product-type.application";
		};
/* End PBXNativeTarget section */

/* Begin PBXProject section */
		D18AE72324F5782200BF64F3 /* Project object */ = {
			isa = PBXProject;
			attributes = {
				LastSwiftUpdateCheck = 1160;
				LastUpgradeCheck = 1160;
				ORGANIZATIONNAME = "Dima Shelkov";
				TargetAttributes = {
					D18AE72A24F5782200BF64F3 = {
						CreatedOnToolsVersion = 11.6;
					};
				};
			};
			buildConfigurationList = D18AE72624F5782200BF64F3 /* Build configuration list for PBXProject "GHFollowers" */;
			compatibilityVersion = "Xcode 9.3";
			developmentRegion = en;
			hasScannedForEncodings = 0;
			knownRegions = (
				en,
				Base,
			);
			mainGroup = D18AE72224F5782200BF64F3;
			productRefGroup = D18AE72C24F5782200BF64F3 /* Products */;
			projectDirPath = "";
			projectRoot = "";
			targets = (
				D18AE72A24F5782200BF64F3 /* GHFollowers */,
			);
		};
/* End PBXProject section */

/* Begin PBXResourcesBuildPhase section */
		D18AE72924F5782200BF64F3 /* Resources */ = {
			isa = PBXResourcesBuildPhase;
			buildActionMask = 2147483647;
			files = (
				D18AE73B24F5782700BF64F3 /* LaunchScreen.storyboard in Resources */,
				D18AE73824F5782700BF64F3 /* Assets.xcassets in Resources */,
			);
			runOnlyForDeploymentPostprocessing = 0;
		};
/* End PBXResourcesBuildPhase section */

/* Begin PBXSourcesBuildPhase section */
		D18AE72724F5782200BF64F3 /* Sources */ = {
			isa = PBXSourcesBuildPhase;
			buildActionMask = 2147483647;
			files = (
				D116008324F647AB007664F7 /* GFTextField.swift in Sources */,
				D18AE74524F5814000BF64F3 /* FavoritesListVC.swift in Sources */,
				D116008124F6447F007664F7 /* GFButton.swift in Sources */,
				D116008D24F69AD4007664F7 /* UIViewController+Ext.swift in Sources */,
				D18AE74324F5811500BF64F3 /* SearchVC.swift in Sources */,
				D116008B24F691ED007664F7 /* GFAlertVC.swift in Sources */,
				D116008924F69114007664F7 /* GFBodyLabel.swift in Sources */,
				D116008724F68FAB007664F7 /* GFTitleLabel.swift in Sources */,
				D116008524F65BE3007664F7 /* FollowerListVC.swift in Sources */,
				D18AE72F24F5782200BF64F3 /* AppDelegate.swift in Sources */,
				D18AE73124F5782200BF64F3 /* SceneDelegate.swift in Sources */,
			);
			runOnlyForDeploymentPostprocessing = 0;
		};
/* End PBXSourcesBuildPhase section */

/* Begin PBXVariantGroup section */
		D18AE73924F5782700BF64F3 /* LaunchScreen.storyboard */ = {
			isa = PBXVariantGroup;
			children = (
				D18AE73A24F5782700BF64F3 /* Base */,
			);
			name = LaunchScreen.storyboard;
			sourceTree = "<group>";
		};
/* End PBXVariantGroup section */

/* Begin XCBuildConfiguration section */
		D18AE73D24F5782700BF64F3 /* Debug */ = {
			isa = XCBuildConfiguration;
			buildSettings = {
				ALWAYS_SEARCH_USER_PATHS = NO;
				CLANG_ANALYZER_NONNULL = YES;
				CLANG_ANALYZER_NUMBER_OBJECT_CONVERSION = YES_AGGRESSIVE;
				CLANG_CXX_LANGUAGE_STANDARD = "gnu++14";
				CLANG_CXX_LIBRARY = "libc++";
				CLANG_ENABLE_MODULES = YES;
				CLANG_ENABLE_OBJC_ARC = YES;
				CLANG_ENABLE_OBJC_WEAK = YES;
				CLANG_WARN_BLOCK_CAPTURE_AUTORELEASING = YES;
				CLANG_WARN_BOOL_CONVERSION = YES;
				CLANG_WARN_COMMA = YES;
				CLANG_WARN_CONSTANT_CONVERSION = YES;
				CLANG_WARN_DEPRECATED_OBJC_IMPLEMENTATIONS = YES;
				CLANG_WARN_DIRECT_OBJC_ISA_USAGE = YES_ERROR;
				CLANG_WARN_DOCUMENTATION_COMMENTS = YES;
				CLANG_WARN_EMPTY_BODY = YES;
				CLANG_WARN_ENUM_CONVERSION = YES;
				CLANG_WARN_INFINITE_RECURSION = YES;
				CLANG_WARN_INT_CONVERSION = YES;
				CLANG_WARN_NON_LITERAL_NULL_CONVERSION = YES;
				CLANG_WARN_OBJC_IMPLICIT_RETAIN_SELF = YES;
				CLANG_WARN_OBJC_LITERAL_CONVERSION = YES;
				CLANG_WARN_OBJC_ROOT_CLASS = YES_ERROR;
				CLANG_WARN_RANGE_LOOP_ANALYSIS = YES;
				CLANG_WARN_STRICT_PROTOTYPES = YES;
				CLANG_WARN_SUSPICIOUS_MOVE = YES;
				CLANG_WARN_UNGUARDED_AVAILABILITY = YES_AGGRESSIVE;
				CLANG_WARN_UNREACHABLE_CODE = YES;
				CLANG_WARN__DUPLICATE_METHOD_MATCH = YES;
				COPY_PHASE_STRIP = NO;
				DEBUG_INFORMATION_FORMAT = dwarf;
				ENABLE_STRICT_OBJC_MSGSEND = YES;
				ENABLE_TESTABILITY = YES;
				GCC_C_LANGUAGE_STANDARD = gnu11;
				GCC_DYNAMIC_NO_PIC = NO;
				GCC_NO_COMMON_BLOCKS = YES;
				GCC_OPTIMIZATION_LEVEL = 0;
				GCC_PREPROCESSOR_DEFINITIONS = (
					"DEBUG=1",
					"$(inherited)",
				);
				GCC_WARN_64_TO_32_BIT_CONVERSION = YES;
				GCC_WARN_ABOUT_RETURN_TYPE = YES_ERROR;
				GCC_WARN_UNDECLARED_SELECTOR = YES;
				GCC_WARN_UNINITIALIZED_AUTOS = YES_AGGRESSIVE;
				GCC_WARN_UNUSED_FUNCTION = YES;
				GCC_WARN_UNUSED_VARIABLE = YES;
				IPHONEOS_DEPLOYMENT_TARGET = 13.6;
				MTL_ENABLE_DEBUG_INFO = INCLUDE_SOURCE;
				MTL_FAST_MATH = YES;
				ONLY_ACTIVE_ARCH = YES;
				SDKROOT = iphoneos;
				SWIFT_ACTIVE_COMPILATION_CONDITIONS = DEBUG;
				SWIFT_OPTIMIZATION_LEVEL = "-Onone";
			};
			name = Debug;
		};
		D18AE73E24F5782700BF64F3 /* Release */ = {
			isa = XCBuildConfiguration;
			buildSettings = {
				ALWAYS_SEARCH_USER_PATHS = NO;
				CLANG_ANALYZER_NONNULL = YES;
				CLANG_ANALYZER_NUMBER_OBJECT_CONVERSION = YES_AGGRESSIVE;
				CLANG_CXX_LANGUAGE_STANDARD = "gnu++14";
				CLANG_CXX_LIBRARY = "libc++";
				CLANG_ENABLE_MODULES = YES;
				CLANG_ENABLE_OBJC_ARC = YES;
				CLANG_ENABLE_OBJC_WEAK = YES;
				CLANG_WARN_BLOCK_CAPTURE_AUTORELEASING = YES;
				CLANG_WARN_BOOL_CONVERSION = YES;
				CLANG_WARN_COMMA = YES;
				CLANG_WARN_CONSTANT_CONVERSION = YES;
				CLANG_WARN_DEPRECATED_OBJC_IMPLEMENTATIONS = YES;
				CLANG_WARN_DIRECT_OBJC_ISA_USAGE = YES_ERROR;
				CLANG_WARN_DOCUMENTATION_COMMENTS = YES;
				CLANG_WARN_EMPTY_BODY = YES;
				CLANG_WARN_ENUM_CONVERSION = YES;
				CLANG_WARN_INFINITE_RECURSION = YES;
				CLANG_WARN_INT_CONVERSION = YES;
				CLANG_WARN_NON_LITERAL_NULL_CONVERSION = YES;
				CLANG_WARN_OBJC_IMPLICIT_RETAIN_SELF = YES;
				CLANG_WARN_OBJC_LITERAL_CONVERSION = YES;
				CLANG_WARN_OBJC_ROOT_CLASS = YES_ERROR;
				CLANG_WARN_RANGE_LOOP_ANALYSIS = YES;
				CLANG_WARN_STRICT_PROTOTYPES = YES;
				CLANG_WARN_SUSPICIOUS_MOVE = YES;
				CLANG_WARN_UNGUARDED_AVAILABILITY = YES_AGGRESSIVE;
				CLANG_WARN_UNREACHABLE_CODE = YES;
				CLANG_WARN__DUPLICATE_METHOD_MATCH = YES;
				COPY_PHASE_STRIP = NO;
				DEBUG_INFORMATION_FORMAT = "dwarf-with-dsym";
				ENABLE_NS_ASSERTIONS = NO;
				ENABLE_STRICT_OBJC_MSGSEND = YES;
				GCC_C_LANGUAGE_STANDARD = gnu11;
				GCC_NO_COMMON_BLOCKS = YES;
				GCC_WARN_64_TO_32_BIT_CONVERSION = YES;
				GCC_WARN_ABOUT_RETURN_TYPE = YES_ERROR;
				GCC_WARN_UNDECLARED_SELECTOR = YES;
				GCC_WARN_UNINITIALIZED_AUTOS = YES_AGGRESSIVE;
				GCC_WARN_UNUSED_FUNCTION = YES;
				GCC_WARN_UNUSED_VARIABLE = YES;
				IPHONEOS_DEPLOYMENT_TARGET = 13.6;
				MTL_ENABLE_DEBUG_INFO = NO;
				MTL_FAST_MATH = YES;
				SDKROOT = iphoneos;
				SWIFT_COMPILATION_MODE = wholemodule;
				SWIFT_OPTIMIZATION_LEVEL = "-O";
				VALIDATE_PRODUCT = YES;
			};
			name = Release;
		};
		D18AE74024F5782700BF64F3 /* Debug */ = {
			isa = XCBuildConfiguration;
			buildSettings = {
				ASSETCATALOG_COMPILER_APPICON_NAME = AppIcon;
				CODE_SIGN_STYLE = Automatic;
				DEVELOPMENT_TEAM = 26PXP4V49P;
				INFOPLIST_FILE = "$(SRCROOT)/GHFollowers/Support/Info.plist";
				LD_RUNPATH_SEARCH_PATHS = (
					"$(inherited)",
					"@executable_path/Frameworks",
				);
				PRODUCT_BUNDLE_IDENTIFIER = d.shelkov.GHFollowers;
				PRODUCT_NAME = GHFollowers;
				SWIFT_VERSION = 5.0;
				TARGETED_DEVICE_FAMILY = 1;
			};
			name = Debug;
		};
		D18AE74124F5782700BF64F3 /* Release */ = {
			isa = XCBuildConfiguration;
			buildSettings = {
				ASSETCATALOG_COMPILER_APPICON_NAME = AppIcon;
				CODE_SIGN_STYLE = Automatic;
				DEVELOPMENT_TEAM = 26PXP4V49P;
				INFOPLIST_FILE = "$(SRCROOT)/GHFollowers/Support/Info.plist";
				LD_RUNPATH_SEARCH_PATHS = (
					"$(inherited)",
					"@executable_path/Frameworks",
				);
				PRODUCT_BUNDLE_IDENTIFIER = d.shelkov.GHFollowers;
				PRODUCT_NAME = GHFollowers;
				SWIFT_VERSION = 5.0;
				TARGETED_DEVICE_FAMILY = 1;
			};
			name = Release;
		};
/* End XCBuildConfiguration section */

/* Begin XCConfigurationList section */
		D18AE72624F5782200BF64F3 /* Build configuration list for PBXProject "GHFollowers" */ = {
			isa = XCConfigurationList;
			buildConfigurations = (
				D18AE73D24F5782700BF64F3 /* Debug */,
				D18AE73E24F5782700BF64F3 /* Release */,
			);
			defaultConfigurationIsVisible = 0;
			defaultConfigurationName = Release;
		};
		D18AE73F24F5782700BF64F3 /* Build configuration list for PBXNativeTarget "GHFollowers" */ = {
			isa = XCConfigurationList;
			buildConfigurations = (
				D18AE74024F5782700BF64F3 /* Debug */,
				D18AE74124F5782700BF64F3 /* Release */,
			);
			defaultConfigurationIsVisible = 0;
			defaultConfigurationName = Release;
		};
/* End XCConfigurationList section */
	};
	rootObject = D18AE72324F5782200BF64F3 /* Project object */;
}
